
Microsoft Visual Studio Solution File, Format Version 12.00
# Visual Studio 15
VisualStudioVersion = 15.0.28307.489
MinimumVisualStudioVersion = 10.0.40219.1
Project("{FAE04EC0-301F-11D3-BF4B-00C04F79EFBC}") = "Calculator", "Calculator\Calculator.csproj", "{4F3AEB1D-72CD-4717-BD88-3610ACCCF191}"
EndProject
Global
	GlobalSection(SolutionConfigurationPlatforms) = preSolution
		Debug|Any CPU = Debug|Any CPU
		Release|Any CPU = Release|Any CPU
	EndGlobalSection
	GlobalSection(ProjectConfigurationPlatforms) = postSolution
		{4F3AEB1D-72CD-4717-BD88-3610ACCCF191}.Debug|Any CPU.ActiveCfg = Debug|Any CPU
		{4F3AEB1D-72CD-4717-BD88-3610ACCCF191}.Debug|Any CPU.Build.0 = Debug|Any CPU
		{4F3AEB1D-72CD-4717-BD88-3610ACCCF191}.Release|Any CPU.ActiveCfg = Release|Any CPU
		{4F3AEB1D-72CD-4717-BD88-3610ACCCF191}.Release|Any CPU.Build.0 = Release|Any CPU
	EndGlobalSection
	GlobalSection(SolutionProperties) = preSolution
		HideSolutionNode = FALSE
	EndGlobalSection
	GlobalSection(ExtensibilityGlobals) = postSolution
		SolutionGuid = {273119C1-B6F4-40F2-B16B-71FBDF7486A5}
	EndGlobalSection
EndGlobal
